PackratFormat: 1.4
PackratVersion: 0.4.0.12
RVersion: 3.1.2
Repos: CRAN=http://cran.rstudio.com,
    BioCsoft=http://bioconductor.org/packages/2.14/bioc,
    BioCann=http://bioconductor.org/packages/2.14/data/annotation,
    BioCexp=http://bioconductor.org/packages/2.14/data/experiment,
    BioCextra=http://bioconductor.org/packages/2.14/extra

Package: BiocGenerics
Source: Bioconductor
Version: 0.10.0
Hash: b6c70fc618424d8147d06f1b97858ceb

Package: digest
Source: CRAN
Version: 0.6.8
Hash: 89dc4c8734dad5322bb3c5c2af09056f

Package: graph
Source: Bioconductor
Version: 1.42.0
Hash: 93ec3415b9a554c327948ba70eccc00f
Requires: BiocGenerics

Package: igraph
Source: CRAN
Version: 0.7.1
Hash: e82d8e897ee5f480edb6a68b3d949dba

Package: packrat
Source: github
Version: 0.4.0.12
Hash: e738f79a22521c57fad67a1679302385973cd958
GithubRepo: packrat
GithubUsername: rstudio
GithubRef: v0.98.1000
GithubSha1: e738f79a22521c57fad67a1679302385973cd958

Package: R6
Source: CRAN
Version: 2.0.1
Hash: 9a3ac4e5fd8059af0fc5156bcb019bbc

Package: RBGL
Source: Bioconductor
Version: 1.40.1
Hash: b60140ba4c5f3bfa4bf075a4220f73c8
Requires: graph

Package: testthat
Source: CRAN
Version: 0.9.1
Hash: 8b05e97c7401ae4f8b5dfbaa44cfcf20
Requires: digest
